{
  "nodes": {
    "crane": {
      "flake": false,
      "locked": {
        "lastModified": 1654444508,
        "narHash": "sha256-4OBvQ4V7jyt7afs6iKUvRzJ1u/9eYnKzVQbeQdiamuY=",
        "owner": "ipetkov",
        "repo": "crane",
        "rev": "db5482bf225acc3160899124a1df5a617cfa27b5",
        "type": "github"
      },
      "original": {
        "owner": "ipetkov",
        "repo": "crane",
        "type": "github"
      }
    },
    "devshell": {
      "flake": false,
      "locked": {
        "lastModified": 1655976588,
        "narHash": "sha256-VreHyH6ITkf/1EX/8h15UqhddJnUleb0HgbC3gMkAEQ=",
        "owner": "numtide",
        "repo": "devshell",
        "rev": "899ca4629020592a13a46783587f6e674179d1db",
        "type": "github"
      },
      "original": {
        "owner": "numtide",
        "repo": "devshell",
        "type": "github"
      }
    },
    "dream2nix": {
      "inputs": {
        "alejandra": [
          "helix",
          "nixCargoIntegration",
          "nixpkgs"
        ],
        "crane": "crane",
        "devshell": [
          "helix",
          "nixCargoIntegration",
          "devshell"
        ],
        "flake-utils-pre-commit": [
          "helix",
          "nixCargoIntegration",
          "nixpkgs"
        ],
        "gomod2nix": [
          "helix",
          "nixCargoIntegration",
          "nixpkgs"
        ],
        "mach-nix": [
          "helix",
          "nixCargoIntegration",
          "nixpkgs"
        ],
        "nixpkgs": [
          "helix",
          "nixCargoIntegration",
          "nixpkgs"
        ],
        "node2nix": [
          "helix",
          "nixCargoIntegration",
          "nixpkgs"
        ],
        "poetry2nix": [
          "helix",
          "nixCargoIntegration",
          "nixpkgs"
        ],
        "pre-commit-hooks": [
          "helix",
          "nixCargoIntegration",
          "nixpkgs"
        ]
      },
      "locked": {
        "lastModified": 1655975833,
        "narHash": "sha256-g8sdfuglIZ24oWVbntVzniNTJW+Z3n9DNL9w9Tt+UCE=",
        "owner": "nix-community",
        "repo": "dream2nix",
        "rev": "4e75e665ec3a1cddae5266bed0dd72fce0b74a23",
        "type": "github"
      },
      "original": {
        "owner": "nix-community",
        "repo": "dream2nix",
        "type": "github"
      }
    },
    "flake-compat": {
      "flake": false,
      "locked": {
        "lastModified": 1650374568,
        "narHash": "sha256-Z+s0J8/r907g149rllvwhb4pKi8Wam5ij0st8PwAh+E=",
        "owner": "edolstra",
        "repo": "flake-compat",
        "rev": "b4a34015c698c7793d592d66adbab377907a2be8",
        "type": "github"
      },
      "original": {
        "owner": "edolstra",
        "repo": "flake-compat",
        "type": "github"
      }
    },
    "flake-registry": {
      "flake": false,
      "locked": {
        "lastModified": 1657791189,
        "narHash": "sha256-Z2ckMWqybpJjIdGIPuHcYzTL7DPTbFKpBZJJgGfFUog=",
        "owner": "NixOS",
        "repo": "flake-registry",
        "rev": "7a481cef7e86d6ceb4aec244d9bb085619360ba1",
        "type": "github"
      },
      "original": {
        "owner": "NixOS",
        "repo": "flake-registry",
        "type": "github"
      }
    },
    "flake-utils": {
      "locked": {
        "lastModified": 1637014545,
        "narHash": "sha256-26IZAc5yzlD9FlDT54io1oqG/bBoyka+FJk5guaX4x4=",
        "owner": "numtide",
        "repo": "flake-utils",
        "rev": "bba5dcc8e0b20ab664967ad83d24d64cb64ec4f4",
        "type": "github"
      },
      "original": {
        "owner": "numtide",
        "repo": "flake-utils",
        "type": "github"
      }
    },
    "helix": {
      "inputs": {
        "nixCargoIntegration": "nixCargoIntegration",
        "nixpkgs": "nixpkgs",
        "rust-overlay": "rust-overlay"
      },
      "locked": {
        "lastModified": 1657225517,
        "narHash": "sha256-D7G3udKhqlVCY14OIo03cthvm4GZj6ZwEOLywRZWPe4=",
        "owner": "nrdxp",
        "repo": "helix",
        "rev": "5c9139ff5458e935267878536639956425e2e49f",
        "type": "github"
      },
      "original": {
        "owner": "nrdxp",
        "ref": "fork",
        "repo": "helix",
        "type": "github"
      }
    },
    "home-manager": {
      "inputs": {
        "flake-compat": "flake-compat",
        "nixpkgs": "nixpkgs_2",
        "nmd": "nmd",
        "nmt": "nmt",
        "utils": "utils"
      },
      "locked": {
        "lastModified": 0,
        "narHash": "sha256-Llm9X8Af15uC9IMStxqjCfO15WgYTqTnsQq8wMcpp5Q=",
        "path": "/nix/store/1la8ngm6d41j6a5fn0m602qjqd0n6qpj-source",
        "type": "path"
      },
      "original": {
        "id": "home-manager",
        "type": "indirect"
      }
    },
    "lowdown-src": {
      "flake": false,
      "locked": {
        "lastModified": 1633514407,
        "narHash": "sha256-Dw32tiMjdK9t3ETl5fzGrutQTzh2rufgZV4A/BbxuD4=",
        "owner": "kristapsdz",
        "repo": "lowdown",
        "rev": "d2c2b44ff6c27b936ec27358a2653caaef8f73b8",
        "type": "github"
      },
      "original": {
        "owner": "kristapsdz",
        "repo": "lowdown",
        "type": "github"
      }
    },
    "nix": {
      "inputs": {
        "lowdown-src": "lowdown-src",
        "nixpkgs": "nixpkgs_3",
        "nixpkgs-regression": "nixpkgs-regression"
      },
      "locked": {
        "lastModified": 1656528543,
        "narHash": "sha256-O3kGiZHzm+CS5vTwzQKSEJ36qCj+lszkr6m1YgYzg04=",
        "owner": "NixOS",
        "repo": "nix",
        "rev": "338418790adac11a4e73218e40fa109c4cfbc86d",
        "type": "github"
      },
      "original": {
        "id": "nix",
        "ref": "2.9-maintenance",
        "type": "indirect"
      }
    },
    "nixCargoIntegration": {
      "inputs": {
        "devshell": "devshell",
        "dream2nix": "dream2nix",
        "nixpkgs": [
          "helix",
          "nixpkgs"
        ],
        "rust-overlay": [
          "helix",
          "rust-overlay"
        ]
      },
      "locked": {
        "lastModified": 1656453541,
        "narHash": "sha256-ZCPVnS6zJOZJvIlwU3rKR8MBVm6A3F4/0mA7G1lQ3D0=",
        "owner": "yusdacra",
        "repo": "nix-cargo-integration",
        "rev": "9eb74345b30cd2e536d9dac9d4435d3c475605c7",
        "type": "github"
      },
      "original": {
        "owner": "yusdacra",
        "repo": "nix-cargo-integration",
        "type": "github"
      }
    },
    "nixos": {
      "locked": {
        "lastModified": 1657624652,
        "narHash": "sha256-rFJNM0X/dxekT6EESSh80mlBGqztfN/XOF/oRL6in68=",
        "owner": "NixOS",
        "repo": "nixpkgs",
        "rev": "68c63e60b8413260605efbe1ac5addaa099cdfb3",
        "type": "github"
      },
      "original": {
        "id": "nixpkgs",
        "ref": "nixos-unstable",
        "type": "indirect"
      }
    },
    "nixos-hardware": {
      "locked": {
        "lastModified": 0,
        "narHash": "sha256-mXo7C4v7Jj2feBzcReu1Eu/3Rnw5b023E9kOyFsHZQw=",
        "path": "/nix/store/qlzh1iscxpz2azcjjimsyf9aynqi04wk-source",
        "type": "path"
      },
      "original": {
        "id": "nixos-hardware",
        "type": "indirect"
      }
    },
    "nixpkgs": {
      "locked": {
        "lastModified": 1655624069,
        "narHash": "sha256-7g1zwTdp35GMTERnSzZMWJ7PG3QdDE8VOX3WsnOkAtM=",
        "owner": "nixos",
        "repo": "nixpkgs",
        "rev": "0d68d7c857fe301d49cdcd56130e0beea4ecd5aa",
        "type": "github"
      },
      "original": {
        "owner": "nixos",
        "ref": "nixos-unstable",
        "repo": "nixpkgs",
        "type": "github"
      }
    },
    "nixpkgs-regression": {
      "locked": {
        "lastModified": 1643052045,
        "narHash": "sha256-uGJ0VXIhWKGXxkeNnq4TvV3CIOkUJ3PAoLZ3HMzNVMw=",
        "owner": "NixOS",
        "repo": "nixpkgs",
        "rev": "215d4d0fd80ca5163643b03a33fde804a29cc1e2",
        "type": "github"
      },
      "original": {
        "id": "nixpkgs",
        "rev": "215d4d0fd80ca5163643b03a33fde804a29cc1e2",
        "type": "indirect"
      }
    },
    "nixpkgs_2": {
      "locked": {
        "lastModified": 1654230545,
        "narHash": "sha256-8Vlwf0x8ow6pPOK2a04bT+pxIeRnM1+O0Xv9/CuDzRs=",
        "owner": "nixos",
        "repo": "nixpkgs",
        "rev": "236cc2971ac72acd90f0ae3a797f9f83098b17ec",
        "type": "github"
      },
      "original": {
        "owner": "nixos",
        "ref": "nixos-unstable",
        "repo": "nixpkgs",
        "type": "github"
      }
    },
    "nixpkgs_3": {
      "locked": {
        "lastModified": 1645296114,
        "narHash": "sha256-y53N7TyIkXsjMpOG7RhvqJFGDacLs9HlyHeSTBioqYU=",
        "owner": "NixOS",
        "repo": "nixpkgs",
        "rev": "530a53dcbc9437363471167a5e4762c5fcfa34a1",
        "type": "github"
      },
      "original": {
        "id": "nixpkgs",
        "ref": "nixos-21.05-small",
        "type": "indirect"
      }
    },
    "nmd": {
      "flake": false,
      "locked": {
        "lastModified": 1653339422,
        "narHash": "sha256-8nc7lcYOgih3YEmRMlBwZaLLJYpLPYKBlewqHqx8ieg=",
        "owner": "rycee",
        "repo": "nmd",
        "rev": "9e7a20e6ee3f6751f699f79c0b299390f81f7bcd",
        "type": "gitlab"
      },
      "original": {
        "owner": "rycee",
        "repo": "nmd",
        "type": "gitlab"
      }
    },
    "nmt": {
      "flake": false,
      "locked": {
        "lastModified": 1648075362,
        "narHash": "sha256-u36WgzoA84dMVsGXzml4wZ5ckGgfnvS0ryzo/3zn/Pc=",
        "owner": "rycee",
        "repo": "nmt",
        "rev": "d83601002c99b78c89ea80e5e6ba21addcfe12ae",
        "type": "gitlab"
      },
      "original": {
        "owner": "rycee",
        "repo": "nmt",
        "type": "gitlab"
      }
    },
    "release": {
      "locked": {
        "lastModified": 1657693803,
        "narHash": "sha256-G++2CJ9u0E7NNTAi9n5G8TdDmGJXcIjkJ3NF8cetQB8=",
        "owner": "NixOS",
        "repo": "nixpkgs",
        "rev": "365e1b3a859281cf11b94f87231adeabbdd878a2",
        "type": "github"
      },
      "original": {
        "id": "nixpkgs",
        "ref": "nixos-22.05",
        "type": "indirect"
      }
    },
    "root": {
      "inputs": {
        "flake-registry": "flake-registry",
        "helix": "helix",
        "home-manager": "home-manager",
        "nix": "nix",
        "nixos": "nixos",
        "nixos-hardware": "nixos-hardware",
        "release": "release",
        "vivarium": "vivarium"
      }
    },
    "rust-overlay": {
      "inputs": {
        "flake-utils": "flake-utils",
        "nixpkgs": [
          "helix",
          "nixpkgs"
        ]
      },
      "locked": {
        "lastModified": 1655779671,
        "narHash": "sha256-6feeiGa6fb7ZPVHR71uswkmN1701TAJpwYQA8QffmRk=",
        "owner": "oxalica",
        "repo": "rust-overlay",
        "rev": "8159585609a772b041cce6019d5c21d240709244",
        "type": "github"
      },
      "original": {
        "owner": "oxalica",
        "repo": "rust-overlay",
        "type": "github"
      }
    },
    "utils": {
      "locked": {
        "lastModified": 1653893745,
        "narHash": "sha256-0jntwV3Z8//YwuOjzhV2sgJJPt+HY6KhU7VZUL0fKZQ=",
        "owner": "numtide",
        "repo": "flake-utils",
        "rev": "1ed9fb1935d260de5fe1c2f7ee0ebaae17ed2fa1",
        "type": "github"
      },
      "original": {
        "owner": "numtide",
        "repo": "flake-utils",
        "type": "github"
      }
    },
    "vivarium": {
      "locked": {
        "lastModified": 1657086672,
        "narHash": "sha256-JFdYhAr524jqrkDJ/oOyylqIVjx+/OhZd6WJPBUAUCs=",
        "owner": "nrdxp",
        "repo": "vivarium",
        "rev": "1d822f053ccc486ae9c01890d167a4703c5aeb89",
        "type": "github"
      },
      "original": {
        "owner": "nrdxp",
        "repo": "vivarium",
        "type": "github"
      }
    }
  },
  "root": "root",
  "version": 7
}
