{
  "nodes": {
    "crane": {
      "flake": false,
      "locked": {
        "lastModified": 1644785799,
        "narHash": "sha256-VpAJO1L0XeBvtCuNGK4IDKp6ENHIpTrlaZT7yfBCvwo=",
        "owner": "ipetkov",
        "repo": "crane",
        "rev": "fc7a94f841347c88f2cb44217b2a3faa93e2a0b2",
        "type": "github"
      },
      "original": {
        "owner": "ipetkov",
        "repo": "crane",
        "type": "github"
      }
    },
    "devshell": {
      "inputs": {
        "flake-utils": "flake-utils",
        "nixpkgs": [
          "helix",
          "nixCargoIntegration",
          "nixpkgs"
        ]
      },
      "locked": {
        "lastModified": 1652959711,
        "narHash": "sha256-wpQhlE/NocxlU3jLiMoF1KYHOEFD5MEFJZkyXXVVef8=",
        "owner": "numtide",
        "repo": "devshell",
        "rev": "a5327cd01e58d2848c73062f2661278ad615748f",
        "type": "github"
      },
      "original": {
        "owner": "numtide",
        "repo": "devshell",
        "type": "github"
      }
    },
    "dream2nix": {
      "inputs": {
        "alejandra": [
          "helix",
          "nixCargoIntegration",
          "nixpkgs"
        ],
        "crane": "crane",
        "flake-utils-pre-commit": [
          "helix",
          "nixCargoIntegration",
          "nixpkgs"
        ],
        "gomod2nix": [
          "helix",
          "nixCargoIntegration",
          "nixpkgs"
        ],
        "mach-nix": [
          "helix",
          "nixCargoIntegration",
          "nixpkgs"
        ],
        "nixpkgs": [
          "helix",
          "nixCargoIntegration",
          "nixpkgs"
        ],
        "node2nix": [
          "helix",
          "nixCargoIntegration",
          "nixpkgs"
        ],
        "poetry2nix": [
          "helix",
          "nixCargoIntegration",
          "nixpkgs"
        ],
        "pre-commit-hooks": [
          "helix",
          "nixCargoIntegration",
          "nixpkgs"
        ]
      },
      "locked": {
        "lastModified": 1653135531,
        "narHash": "sha256-pYwJrEQrG8BgeVcI+lveK3KbOBDx9MT28HxV09v+jgI=",
        "owner": "nix-community",
        "repo": "dream2nix",
        "rev": "4b3dfb101fd2fdbe25bd128072f138276aa4bc82",
        "type": "github"
      },
      "original": {
        "owner": "nix-community",
        "repo": "dream2nix",
        "type": "github"
      }
    },
    "flake-utils": {
      "locked": {
        "lastModified": 1642700792,
        "narHash": "sha256-XqHrk7hFb+zBvRg6Ghl+AZDq03ov6OshJLiSWOoX5es=",
        "owner": "numtide",
        "repo": "flake-utils",
        "rev": "846b2ae0fc4cc943637d3d1def4454213e203cba",
        "type": "github"
      },
      "original": {
        "owner": "numtide",
        "repo": "flake-utils",
        "type": "github"
      }
    },
    "flake-utils_2": {
      "locked": {
        "lastModified": 1637014545,
        "narHash": "sha256-26IZAc5yzlD9FlDT54io1oqG/bBoyka+FJk5guaX4x4=",
        "owner": "numtide",
        "repo": "flake-utils",
        "rev": "bba5dcc8e0b20ab664967ad83d24d64cb64ec4f4",
        "type": "github"
      },
      "original": {
        "owner": "numtide",
        "repo": "flake-utils",
        "type": "github"
      }
    },
    "helix": {
      "inputs": {
        "nixCargoIntegration": "nixCargoIntegration",
        "nixpkgs": "nixpkgs",
        "rust-overlay": "rust-overlay"
      },
      "locked": {
        "lastModified": 1653853271,
        "narHash": "sha256-iSJT1NIWwO7/wDcf7iXPpr+lOogU9EoBGekbflVf+Cc=",
        "owner": "nrdxp",
        "repo": "helix",
        "rev": "e314bc0a836d13da161749c77b20cda56e20084b",
        "type": "github"
      },
      "original": {
        "owner": "nrdxp",
        "ref": "update-nix",
        "repo": "helix",
        "type": "github"
      }
    },
    "home-manager": {
      "inputs": {
        "nixpkgs": [
          "nixos"
        ]
      },
      "locked": {
        "lastModified": 1653518057,
        "narHash": "sha256-cam3Nfae5ADeEs6mRPzr0jXB7+DhyMIXz0/0Q13r/yk=",
        "owner": "nix-community",
        "repo": "home-manager",
        "rev": "64831f938bd413cefde0b0cf871febc494afaa4f",
        "type": "github"
      },
      "original": {
        "owner": "nix-community",
        "repo": "home-manager",
        "type": "github"
      }
    },
    "lowdown-src": {
      "flake": false,
      "locked": {
        "lastModified": 1633514407,
        "narHash": "sha256-Dw32tiMjdK9t3ETl5fzGrutQTzh2rufgZV4A/BbxuD4=",
        "owner": "kristapsdz",
        "repo": "lowdown",
        "rev": "d2c2b44ff6c27b936ec27358a2653caaef8f73b8",
        "type": "github"
      },
      "original": {
        "owner": "kristapsdz",
        "repo": "lowdown",
        "type": "github"
      }
    },
    "nix": {
      "inputs": {
        "lowdown-src": "lowdown-src",
        "nixpkgs": "nixpkgs_2",
        "nixpkgs-regression": "nixpkgs-regression"
      },
      "locked": {
        "lastModified": 1652534521,
        "narHash": "sha256-XJHFNPpYojd9vZPkQOQSgETBZ7O58l+YrH0oKZCEe+U=",
        "owner": "nixos",
        "repo": "nix",
        "rev": "1eee78aea33862f5b4a6bb40eb3d26b5a39c57a3",
        "type": "github"
      },
      "original": {
        "owner": "nixos",
        "ref": "2.8-maintenance",
        "repo": "nix",
        "type": "github"
      }
    },
    "nixCargoIntegration": {
      "inputs": {
        "devshell": "devshell",
        "dream2nix": "dream2nix",
        "nixpkgs": [
          "helix",
          "nixpkgs"
        ],
        "rustOverlay": [
          "helix",
          "rust-overlay"
        ]
      },
      "locked": {
        "lastModified": 1653286465,
        "narHash": "sha256-CEI2prA74sy9SgAJKdDpyAMv1nnp91c8e5Fw9QbtR/Q=",
        "owner": "yusdacra",
        "repo": "nix-cargo-integration",
        "rev": "95efd76ab68b20aba45b7d647460319b88c2a4c0",
        "type": "github"
      },
      "original": {
        "owner": "yusdacra",
        "repo": "nix-cargo-integration",
        "type": "github"
      }
    },
    "nixos": {
      "locked": {
        "lastModified": 1653581809,
        "narHash": "sha256-Uvka0V5MTGbeOfWte25+tfRL3moECDh1VwokWSZUdoY=",
        "owner": "nixos",
        "repo": "nixpkgs",
        "rev": "83658b28fe638a170a19b8933aa008b30640fbd1",
        "type": "github"
      },
      "original": {
        "owner": "nixos",
        "ref": "nixos-unstable",
        "repo": "nixpkgs",
        "type": "github"
      }
    },
    "nixos-hardware": {
      "locked": {
        "lastModified": 1653463224,
        "narHash": "sha256-bUxKhqZhki2vPzFTl8HOo1m7pagF7WzY1MZiso8U5ws=",
        "owner": "NixOS",
        "repo": "nixos-hardware",
        "rev": "39a7bfc496d2ddfce73fe9542af1f2029ba4fe39",
        "type": "github"
      },
      "original": {
        "owner": "NixOS",
        "repo": "nixos-hardware",
        "type": "github"
      }
    },
    "nixpkgs": {
      "locked": {
        "lastModified": 1653060744,
        "narHash": "sha256-kfRusllRumpt33J1hPV+CeCCylCXEU7e0gn2/cIM7cY=",
        "owner": "nixos",
        "repo": "nixpkgs",
        "rev": "dfd82985c273aac6eced03625f454b334daae2e8",
        "type": "github"
      },
      "original": {
        "owner": "nixos",
        "ref": "nixos-unstable",
        "repo": "nixpkgs",
        "type": "github"
      }
    },
    "nixpkgs-regression": {
      "locked": {
        "lastModified": 1643052045,
        "narHash": "sha256-uGJ0VXIhWKGXxkeNnq4TvV3CIOkUJ3PAoLZ3HMzNVMw=",
        "owner": "NixOS",
        "repo": "nixpkgs",
        "rev": "215d4d0fd80ca5163643b03a33fde804a29cc1e2",
        "type": "github"
      },
      "original": {
        "id": "nixpkgs",
        "rev": "215d4d0fd80ca5163643b03a33fde804a29cc1e2",
        "type": "indirect"
      }
    },
    "nixpkgs_2": {
      "locked": {
        "lastModified": 1645296114,
        "narHash": "sha256-y53N7TyIkXsjMpOG7RhvqJFGDacLs9HlyHeSTBioqYU=",
        "owner": "NixOS",
        "repo": "nixpkgs",
        "rev": "530a53dcbc9437363471167a5e4762c5fcfa34a1",
        "type": "github"
      },
      "original": {
        "id": "nixpkgs",
        "ref": "nixos-21.05-small",
        "type": "indirect"
      }
    },
    "registry": {
      "flake": false,
      "locked": {
        "lastModified": 1653458524,
        "narHash": "sha256-o4aLbEf7n4OStV3HpplKVfJJ65HLCdHBrulGL7Wv1IU=",
        "owner": "NixOS",
        "repo": "flake-registry",
        "rev": "318236a42df8463161a7f31636a0393bbb333092",
        "type": "github"
      },
      "original": {
        "owner": "NixOS",
        "repo": "flake-registry",
        "type": "github"
      }
    },
    "root": {
      "inputs": {
        "helix": "helix",
        "home-manager": "home-manager",
        "nix": "nix",
        "nixos": "nixos",
        "nixos-hardware": "nixos-hardware",
        "registry": "registry",
        "vivarium": "vivarium"
      }
    },
    "rust-overlay": {
      "inputs": {
        "flake-utils": "flake-utils_2",
        "nixpkgs": [
          "helix",
          "nixpkgs"
        ]
      },
      "locked": {
        "lastModified": 1653273659,
        "narHash": "sha256-dHXYaNL1axhZZyiZXxt1WKhvZrYXq7bjCs3y5VjgyGI=",
        "owner": "oxalica",
        "repo": "rust-overlay",
        "rev": "0fa3e01da1ce98e3b40063b8e2678095943402b1",
        "type": "github"
      },
      "original": {
        "owner": "oxalica",
        "repo": "rust-overlay",
        "type": "github"
      }
    },
    "vivarium": {
      "locked": {
        "lastModified": 1649901272,
        "narHash": "sha256-Y0jcREFtVN71HZgdZmUbVvAuxbr6J6e7obsAn8IHvIo=",
        "owner": "nrdxp",
        "repo": "vivarium",
        "rev": "71b78cc3e0c110155f79fd7becfb619c20644fd6",
        "type": "github"
      },
      "original": {
        "owner": "nrdxp",
        "repo": "vivarium",
        "type": "github"
      }
    }
  },
  "root": "root",
  "version": 7
}
