{
  "nodes": {
    "crane": {
      "flake": false,
      "locked": {
        "lastModified": 1644785799,
        "narHash": "sha256-VpAJO1L0XeBvtCuNGK4IDKp6ENHIpTrlaZT7yfBCvwo=",
        "owner": "ipetkov",
        "repo": "crane",
        "rev": "fc7a94f841347c88f2cb44217b2a3faa93e2a0b2",
        "type": "github"
      },
      "original": {
        "owner": "ipetkov",
        "repo": "crane",
        "type": "github"
      }
    },
    "devshell": {
      "inputs": {
        "flake-utils": "flake-utils",
        "nixpkgs": [
          "helix",
          "nixCargoIntegration",
          "nixpkgs"
        ]
      },
      "locked": {
        "lastModified": 1650900878,
        "narHash": "sha256-qhNncMBSa9STnhiLfELEQpYC1L4GrYHNIzyCZ/pilsI=",
        "owner": "numtide",
        "repo": "devshell",
        "rev": "d97df53b5ddaa1cfbea7cddbd207eb2634304733",
        "type": "github"
      },
      "original": {
        "owner": "numtide",
        "repo": "devshell",
        "type": "github"
      }
    },
    "dream2nix": {
      "inputs": {
        "alejandra": [
          "helix",
          "nixCargoIntegration",
          "nixpkgs"
        ],
        "crane": "crane",
        "flake-utils-pre-commit": [
          "helix",
          "nixCargoIntegration",
          "nixpkgs"
        ],
        "gomod2nix": [
          "helix",
          "nixCargoIntegration",
          "nixpkgs"
        ],
        "mach-nix": [
          "helix",
          "nixCargoIntegration",
          "nixpkgs"
        ],
        "nixpkgs": [
          "helix",
          "nixCargoIntegration",
          "nixpkgs"
        ],
        "node2nix": [
          "helix",
          "nixCargoIntegration",
          "nixpkgs"
        ],
        "poetry2nix": [
          "helix",
          "nixCargoIntegration",
          "nixpkgs"
        ],
        "pre-commit-hooks": [
          "helix",
          "nixCargoIntegration",
          "nixpkgs"
        ]
      },
      "locked": {
        "lastModified": 1651844867,
        "narHash": "sha256-a+bAmmeIudRVY23ZkEB5W5xJumBY3ydsiDIGN/56NmQ=",
        "owner": "nix-community",
        "repo": "dream2nix",
        "rev": "e5d0e9cdb00695b0b63d1f52ff3b39c0e3035fe3",
        "type": "github"
      },
      "original": {
        "owner": "nix-community",
        "repo": "dream2nix",
        "type": "github"
      }
    },
    "flake-utils": {
      "locked": {
        "lastModified": 1642700792,
        "narHash": "sha256-XqHrk7hFb+zBvRg6Ghl+AZDq03ov6OshJLiSWOoX5es=",
        "owner": "numtide",
        "repo": "flake-utils",
        "rev": "846b2ae0fc4cc943637d3d1def4454213e203cba",
        "type": "github"
      },
      "original": {
        "owner": "numtide",
        "repo": "flake-utils",
        "type": "github"
      }
    },
    "flake-utils_2": {
      "locked": {
        "lastModified": 1637014545,
        "narHash": "sha256-26IZAc5yzlD9FlDT54io1oqG/bBoyka+FJk5guaX4x4=",
        "owner": "numtide",
        "repo": "flake-utils",
        "rev": "bba5dcc8e0b20ab664967ad83d24d64cb64ec4f4",
        "type": "github"
      },
      "original": {
        "owner": "numtide",
        "repo": "flake-utils",
        "type": "github"
      }
    },
    "helix": {
      "inputs": {
        "nixCargoIntegration": "nixCargoIntegration",
        "nixpkgs": "nixpkgs",
        "rust-overlay": "rust-overlay"
      },
      "locked": {
        "lastModified": 1652569325,
        "narHash": "sha256-YZFpZJyI53zk0BuDP9W0WFdJSgWIyO2lVjYOtMZPFnY=",
        "owner": "nrdxp",
        "repo": "helix",
        "rev": "0ca07a9efbb8c77361527745388fd3aa703dbf75",
        "type": "github"
      },
      "original": {
        "owner": "nrdxp",
        "ref": "update-nix",
        "repo": "helix",
        "type": "github"
      }
    },
    "home-manager": {
      "inputs": {
        "nixpkgs": [
          "nixos"
        ]
      },
      "locked": {
        "lastModified": 1649984295,
        "narHash": "sha256-55dgKGs7W8eC3s9GYewll9y4IlP/KAlSinjQwshNpxM=",
        "owner": "nix-community",
        "repo": "home-manager",
        "rev": "d49d68f4196d32c5039cb9e91d730cee894f6f14",
        "type": "github"
      },
      "original": {
        "owner": "nix-community",
        "repo": "home-manager",
        "type": "github"
      }
    },
    "lowdown-src": {
      "flake": false,
      "locked": {
        "lastModified": 1633514407,
        "narHash": "sha256-Dw32tiMjdK9t3ETl5fzGrutQTzh2rufgZV4A/BbxuD4=",
        "owner": "kristapsdz",
        "repo": "lowdown",
        "rev": "d2c2b44ff6c27b936ec27358a2653caaef8f73b8",
        "type": "github"
      },
      "original": {
        "owner": "kristapsdz",
        "repo": "lowdown",
        "type": "github"
      }
    },
    "nix": {
      "inputs": {
        "lowdown-src": "lowdown-src",
        "nixpkgs": [
          "nixos"
        ],
        "nixpkgs-regression": "nixpkgs-regression"
      },
      "locked": {
        "lastModified": 1652534521,
        "narHash": "sha256-XJHFNPpYojd9vZPkQOQSgETBZ7O58l+YrH0oKZCEe+U=",
        "owner": "nixos",
        "repo": "nix",
        "rev": "1eee78aea33862f5b4a6bb40eb3d26b5a39c57a3",
        "type": "github"
      },
      "original": {
        "owner": "nixos",
        "ref": "2.8-maintenance",
        "repo": "nix",
        "type": "github"
      }
    },
    "nixCargoIntegration": {
      "inputs": {
        "devshell": "devshell",
        "dream2nix": "dream2nix",
        "nixpkgs": [
          "helix",
          "nixpkgs"
        ],
        "rustOverlay": [
          "helix",
          "rust-overlay"
        ]
      },
      "locked": {
        "lastModified": 1652163169,
        "narHash": "sha256-WgFpNZgwqQOEkJJfA6z0NBL5+U/oMV3fT/j5TNERoYY=",
        "owner": "yusdacra",
        "repo": "nix-cargo-integration",
        "rev": "f5719d90394a624549a00f01c76f6ef3ed079bb3",
        "type": "github"
      },
      "original": {
        "owner": "yusdacra",
        "repo": "nix-cargo-integration",
        "type": "github"
      }
    },
    "nixos": {
      "locked": {
        "lastModified": 1652378906,
        "narHash": "sha256-DeV2myAMArPvyqxp0M6z30kuXb2L9SO2QXjxbbsZQyY=",
        "owner": "nixos",
        "repo": "nixpkgs",
        "rev": "d89d7af1ba23bd8a5341d00bdd862e8e9a808f56",
        "type": "github"
      },
      "original": {
        "owner": "nixos",
        "ref": "nixos-unstable",
        "repo": "nixpkgs",
        "type": "github"
      }
    },
    "nixos-hardware": {
      "locked": {
        "lastModified": 1649849514,
        "narHash": "sha256-zQyTr2UebTKUh1KLyLtevhHsM8umPK1LfQLGUGjRjiQ=",
        "owner": "NixOS",
        "repo": "nixos-hardware",
        "rev": "1a0ccdbf4583ed0fce37eea7955e8ef90f840a9f",
        "type": "github"
      },
      "original": {
        "owner": "NixOS",
        "repo": "nixos-hardware",
        "type": "github"
      }
    },
    "nixpkgs": {
      "locked": {
        "lastModified": 1652172129,
        "narHash": "sha256-8e2JMrswaKe02P8rYfvIMoc59pNuw6h/GYu8DBE1c+0=",
        "owner": "nixos",
        "repo": "nixpkgs",
        "rev": "f419dc5763c2b3c5580e396dea065b6d8b58ee27",
        "type": "github"
      },
      "original": {
        "owner": "nixos",
        "ref": "nixos-unstable",
        "repo": "nixpkgs",
        "type": "github"
      }
    },
    "nixpkgs-regression": {
      "locked": {
        "lastModified": 1643052045,
        "narHash": "sha256-uGJ0VXIhWKGXxkeNnq4TvV3CIOkUJ3PAoLZ3HMzNVMw=",
        "owner": "NixOS",
        "repo": "nixpkgs",
        "rev": "215d4d0fd80ca5163643b03a33fde804a29cc1e2",
        "type": "github"
      },
      "original": {
        "id": "nixpkgs",
        "rev": "215d4d0fd80ca5163643b03a33fde804a29cc1e2",
        "type": "indirect"
      }
    },
    "registry": {
      "flake": false,
      "locked": {
        "lastModified": 1649622121,
        "narHash": "sha256-0aumhaIc5DWeY5t3fflyUACcT+ADOS7CAEYVqcSkifE=",
        "owner": "NixOS",
        "repo": "flake-registry",
        "rev": "5e7e4d3227259eb961bbd5926bad9d609a29a988",
        "type": "github"
      },
      "original": {
        "owner": "NixOS",
        "repo": "flake-registry",
        "type": "github"
      }
    },
    "root": {
      "inputs": {
        "helix": "helix",
        "home-manager": "home-manager",
        "nix": "nix",
        "nixos": "nixos",
        "nixos-hardware": "nixos-hardware",
        "registry": "registry",
        "vivarium": "vivarium"
      }
    },
    "rust-overlay": {
      "inputs": {
        "flake-utils": "flake-utils_2",
        "nixpkgs": [
          "helix",
          "nixpkgs"
        ]
      },
      "locked": {
        "lastModified": 1652149774,
        "narHash": "sha256-rms5yNnnlmaqzEnI/9Log+5k/yVz4fB1BUVx5HXf8i8=",
        "owner": "oxalica",
        "repo": "rust-overlay",
        "rev": "1dcdd08fcd39e4e053f58f9959be801399c5211e",
        "type": "github"
      },
      "original": {
        "owner": "oxalica",
        "repo": "rust-overlay",
        "type": "github"
      }
    },
    "vivarium": {
      "locked": {
        "lastModified": 1649901272,
        "narHash": "sha256-Y0jcREFtVN71HZgdZmUbVvAuxbr6J6e7obsAn8IHvIo=",
        "owner": "nrdxp",
        "repo": "vivarium",
        "rev": "71b78cc3e0c110155f79fd7becfb619c20644fd6",
        "type": "github"
      },
      "original": {
        "owner": "nrdxp",
        "repo": "vivarium",
        "type": "github"
      }
    }
  },
  "root": "root",
  "version": 7
}
